
Microsoft Visual Studio Solution File, Format Version 12.00
# Visual Studio 15
VisualStudioVersion = 15.0.28307.329
MinimumVisualStudioVersion = 10.0.40219.1
Project("{9A19103F-16F7-4668-BE54-9A1E7A4F7556}") = "Data Layer", "Data Layer\Data Layer.csproj", "{7397C707-9CFB-454D-8CB3-2D8AB45A46F8}"
EndProject
Project("{9A19103F-16F7-4668-BE54-9A1E7A4F7556}") = "Model Layer", "Model Layer\Model Layer.csproj", "{76BF88CD-654D-4906-901E-5A9601D568ED}"
EndProject
Project("{9A19103F-16F7-4668-BE54-9A1E7A4F7556}") = "Logic Layer", "Logic Layer\Logic Layer.csproj", "{CC7A6098-9AE4-480F-B35A-2D20CD4087CD}"
EndProject
Project("{9A19103F-16F7-4668-BE54-9A1E7A4F7556}") = "Service Layer", "Service Layer\Service Layer.csproj", "{754550C8-B400-4B2B-A19E-35461FF60B56}"
EndProject
Project("{9A19103F-16F7-4668-BE54-9A1E7A4F7556}") = "Presentation Layer", "Presentation Layer\Presentation Layer.csproj", "{F5049F5A-A439-4AF7-A684-5943130F68F7}"
EndProject
Global
	GlobalSection(SolutionConfigurationPlatforms) = preSolution
		Debug|Any CPU = Debug|Any CPU
		Release|Any CPU = Release|Any CPU
	EndGlobalSection
	GlobalSection(ProjectConfigurationPlatforms) = postSolution
		{7397C707-9CFB-454D-8CB3-2D8AB45A46F8}.Debug|Any CPU.ActiveCfg = Debug|Any CPU
		{7397C707-9CFB-454D-8CB3-2D8AB45A46F8}.Debug|Any CPU.Build.0 = Debug|Any CPU
		{7397C707-9CFB-454D-8CB3-2D8AB45A46F8}.Release|Any CPU.ActiveCfg = Release|Any CPU
		{7397C707-9CFB-454D-8CB3-2D8AB45A46F8}.Release|Any CPU.Build.0 = Release|Any CPU
		{76BF88CD-654D-4906-901E-5A9601D568ED}.Debug|Any CPU.ActiveCfg = Debug|Any CPU
		{76BF88CD-654D-4906-901E-5A9601D568ED}.Debug|Any CPU.Build.0 = Debug|Any CPU
		{76BF88CD-654D-4906-901E-5A9601D568ED}.Release|Any CPU.ActiveCfg = Release|Any CPU
		{76BF88CD-654D-4906-901E-5A9601D568ED}.Release|Any CPU.Build.0 = Release|Any CPU
		{CC7A6098-9AE4-480F-B35A-2D20CD4087CD}.Debug|Any CPU.ActiveCfg = Debug|Any CPU
		{CC7A6098-9AE4-480F-B35A-2D20CD4087CD}.Debug|Any CPU.Build.0 = Debug|Any CPU
		{CC7A6098-9AE4-480F-B35A-2D20CD4087CD}.Release|Any CPU.ActiveCfg = Release|Any CPU
		{CC7A6098-9AE4-480F-B35A-2D20CD4087CD}.Release|Any CPU.Build.0 = Release|Any CPU
		{754550C8-B400-4B2B-A19E-35461FF60B56}.Debug|Any CPU.ActiveCfg = Debug|Any CPU
		{754550C8-B400-4B2B-A19E-35461FF60B56}.Debug|Any CPU.Build.0 = Debug|Any CPU
		{754550C8-B400-4B2B-A19E-35461FF60B56}.Release|Any CPU.ActiveCfg = Release|Any CPU
		{754550C8-B400-4B2B-A19E-35461FF60B56}.Release|Any CPU.Build.0 = Release|Any CPU
		{F5049F5A-A439-4AF7-A684-5943130F68F7}.Debug|Any CPU.ActiveCfg = Debug|Any CPU
		{F5049F5A-A439-4AF7-A684-5943130F68F7}.Debug|Any CPU.Build.0 = Debug|Any CPU
		{F5049F5A-A439-4AF7-A684-5943130F68F7}.Release|Any CPU.ActiveCfg = Release|Any CPU
		{F5049F5A-A439-4AF7-A684-5943130F68F7}.Release|Any CPU.Build.0 = Release|Any CPU
	EndGlobalSection
	GlobalSection(SolutionProperties) = preSolution
		HideSolutionNode = FALSE
	EndGlobalSection
	GlobalSection(ExtensibilityGlobals) = postSolution
		SolutionGuid = {ED944CF0-E6D0-40C9-94D4-AAE0868532EA}
	EndGlobalSection
EndGlobal
